{
  "object": {
    "pins": [
      {
        "package": "Datable",
        "repositoryURL": "https://github.com/OperatorFoundation/Datable",
        "state": {
          "branch": null,
          "revision": "1c23f2b72d0d0cf4386fad05f8a5db4b91e8d304",
          "version": "3.0.2"
        }
      },
      {
        "package": "ZIPFoundation",
        "repositoryURL": "https://github.com/weichsel/ZIPFoundation.git",
        "state": {
          "branch": null,
          "revision": "ec32d62d412578542c0ffb7a6ce34d3e64b43b94",
          "version": "0.9.11"
        }
      }
    ]
  },
  "version": 1
}
